
Microsoft Visual Studio Solution File, Format Version 12.00
# Visual Studio Version 17
VisualStudioVersion = 17.5.33516.290
MinimumVisualStudioVersion = 10.0.40219.1
Project("{FAE04EC0-301F-11D3-BF4B-00C04F79EFBC}") = "client", "client\client.csproj", "{A208ED85-4DD9-414C-BD55-194E72993D47}"
EndProject
Global
	GlobalSection(SolutionConfigurationPlatforms) = preSolution
		Debug|Any CPU = Debug|Any CPU
		Release|Any CPU = Release|Any CPU
	EndGlobalSection
	GlobalSection(ProjectConfigurationPlatforms) = postSolution
		{A208ED85-4DD9-414C-BD55-194E72993D47}.Debug|Any CPU.ActiveCfg = Debug|Any CPU
		{A208ED85-4DD9-414C-BD55-194E72993D47}.Debug|Any CPU.Build.0 = Debug|Any CPU
		{A208ED85-4DD9-414C-BD55-194E72993D47}.Release|Any CPU.ActiveCfg = Release|Any CPU
		{A208ED85-4DD9-414C-BD55-194E72993D47}.Release|Any CPU.Build.0 = Release|Any CPU
	EndGlobalSection
	GlobalSection(SolutionProperties) = preSolution
		HideSolutionNode = FALSE
	EndGlobalSection
	GlobalSection(ExtensibilityGlobals) = postSolution
		SolutionGuid = {C9116C39-0310-41E8-AD87-3B6EA3DD05BB}
	EndGlobalSection
EndGlobal
